
Microsoft Visual Studio Solution File, Format Version 12.00
# Visual Studio 15
VisualStudioVersion = 15.0.26403.0
MinimumVisualStudioVersion = 10.0.40219.1
Project("{FAE04EC0-301F-11D3-BF4B-00C04F79EFBC}") = "ProjectZakynthos.Web", "ProjectZakynthos.Web\ProjectZakynthos.Web.csproj", "{BB865226-A379-4061-88B7-5EF3DA192664}"
EndProject
Project("{2150E333-8FDC-42A3-9474-1A3956D46DE8}") = "artifacts", "artifacts", "{A27430E4-56DE-4FDF-8805-D473809B73CE}"
	ProjectSection(SolutionItems) = preProject
		collectionsSample.json = collectionsSample.json
		itemSample.json = itemSample.json
	EndProjectSection
EndProject
Project("{FAE04EC0-301F-11D3-BF4B-00C04F79EFBC}") = "ProjectZakynthos.Persistence", "ProjectZakynthos.Persistence\ProjectZakynthos.Persistence.csproj", "{2E406C06-326B-41FF-8FB8-5BCA48BF7CF0}"
EndProject
Project("{FAE04EC0-301F-11D3-BF4B-00C04F79EFBC}") = "ProjectZakynthos.Persistence.FileSystem", "ProjectZakynthos.Persistence.FileSystem\ProjectZakynthos.Persistence.FileSystem.csproj", "{14E0EAB2-3066-4C61-994D-57BCA63E2CD7}"
EndProject
Global
	GlobalSection(SolutionConfigurationPlatforms) = preSolution
		Debug|Any CPU = Debug|Any CPU
		Release|Any CPU = Release|Any CPU
	EndGlobalSection
	GlobalSection(ProjectConfigurationPlatforms) = postSolution
		{BB865226-A379-4061-88B7-5EF3DA192664}.Debug|Any CPU.ActiveCfg = Debug|Any CPU
		{BB865226-A379-4061-88B7-5EF3DA192664}.Debug|Any CPU.Build.0 = Debug|Any CPU
		{BB865226-A379-4061-88B7-5EF3DA192664}.Release|Any CPU.ActiveCfg = Release|Any CPU
		{BB865226-A379-4061-88B7-5EF3DA192664}.Release|Any CPU.Build.0 = Release|Any CPU
		{2E406C06-326B-41FF-8FB8-5BCA48BF7CF0}.Debug|Any CPU.ActiveCfg = Debug|Any CPU
		{2E406C06-326B-41FF-8FB8-5BCA48BF7CF0}.Debug|Any CPU.Build.0 = Debug|Any CPU
		{2E406C06-326B-41FF-8FB8-5BCA48BF7CF0}.Release|Any CPU.ActiveCfg = Release|Any CPU
		{2E406C06-326B-41FF-8FB8-5BCA48BF7CF0}.Release|Any CPU.Build.0 = Release|Any CPU
		{14E0EAB2-3066-4C61-994D-57BCA63E2CD7}.Debug|Any CPU.ActiveCfg = Debug|Any CPU
		{14E0EAB2-3066-4C61-994D-57BCA63E2CD7}.Debug|Any CPU.Build.0 = Debug|Any CPU
		{14E0EAB2-3066-4C61-994D-57BCA63E2CD7}.Release|Any CPU.ActiveCfg = Release|Any CPU
		{14E0EAB2-3066-4C61-994D-57BCA63E2CD7}.Release|Any CPU.Build.0 = Release|Any CPU
	EndGlobalSection
	GlobalSection(SolutionProperties) = preSolution
		HideSolutionNode = FALSE
	EndGlobalSection
EndGlobal
